// !$*UTF8*$!
{
	archiveVersion = 1;
	classes = {
	};
	objectVersion = 56;
	objects = {

/* Begin PBXBuildFile section */
		44584DD029CF9F9300E7D5FD /* InstructionTableViewCell.swift in Sources */ = {isa = PBXBuildFile; fileRef = 44584DCE29CF9F9300E7D5FD /* InstructionTableViewCell.swift */; };
		44584DD129CF9F9300E7D5FD /* InstructionTableViewCell.xib in Resources */ = {isa = PBXBuildFile; fileRef = 44584DCF29CF9F9300E7D5FD /* InstructionTableViewCell.xib */; };
		44584DD429CFA5E900E7D5FD /* StepDetailTableViewCell.swift in Sources */ = {isa = PBXBuildFile; fileRef = 44584DD229CFA5E900E7D5FD /* StepDetailTableViewCell.swift */; };
		44584DD529CFA5EA00E7D5FD /* StepDetailTableViewCell.xib in Resources */ = {isa = PBXBuildFile; fileRef = 44584DD329CFA5E900E7D5FD /* StepDetailTableViewCell.xib */; };
		6C1B3C5429CB7C7C0032B6F5 /* cuisines.json in Resources */ = {isa = PBXBuildFile; fileRef = 6C1B3C5329CB7C7C0032B6F5 /* cuisines.json */; };
		6C1B3C5629CB7D880032B6F5 /* diets.json in Resources */ = {isa = PBXBuildFile; fileRef = 6C1B3C5529CB7D880032B6F5 /* diets.json */; };
		6C1B3C5A29CB7E400032B6F5 /* meal_types.json in Resources */ = {isa = PBXBuildFile; fileRef = 6C1B3C5929CB7E400032B6F5 /* meal_types.json */; };
		6C1B3C5D29CB7F550032B6F5 /* error_map.json in Resources */ = {isa = PBXBuildFile; fileRef = 6C1B3C5B29CB7F550032B6F5 /* error_map.json */; };
		6C1B3C5E29CB7F550032B6F5 /* loading.json in Resources */ = {isa = PBXBuildFile; fileRef = 6C1B3C5C29CB7F550032B6F5 /* loading.json */; };
		6C1B3C6029CB7F910032B6F5 /* lost_connection.json in Resources */ = {isa = PBXBuildFile; fileRef = 6C1B3C5F29CB7F910032B6F5 /* lost_connection.json */; };
		6C1B3C6829CBCF050032B6F5 /* Recipe.swift in Sources */ = {isa = PBXBuildFile; fileRef = 6C1B3C6729CBCF050032B6F5 /* Recipe.swift */; };
		6C1B3C6A29CBD6700032B6F5 /* RecipeByIngredients.swift in Sources */ = {isa = PBXBuildFile; fileRef = 6C1B3C6929CBD6700032B6F5 /* RecipeByIngredients.swift */; };
		6C1B3C6C29CBDBF90032B6F5 /* RandomRecipeResponse.swift in Sources */ = {isa = PBXBuildFile; fileRef = 6C1B3C6B29CBDBF90032B6F5 /* RandomRecipeResponse.swift */; };
		6C1B3C6E29CBDCBF0032B6F5 /* ComplexSearchResponse.swift in Sources */ = {isa = PBXBuildFile; fileRef = 6C1B3C6D29CBDCBF0032B6F5 /* ComplexSearchResponse.swift */; };
		6C1B3C7029CBE2670032B6F5 /* AppConstants.swift in Sources */ = {isa = PBXBuildFile; fileRef = 6C1B3C6F29CBE2670032B6F5 /* AppConstants.swift */; };
		6C1CF39E29CFEC5B003FEC66 /* InternetMonitor.swift in Sources */ = {isa = PBXBuildFile; fileRef = 6C1CF39D29CFEC5B003FEC66 /* InternetMonitor.swift */; };
		6C28ABCD29CD148200DF3405 /* CategoryCollectionViewCell.swift in Sources */ = {isa = PBXBuildFile; fileRef = 6C28ABCB29CD148200DF3405 /* CategoryCollectionViewCell.swift */; };
		6C28ABCE29CD148200DF3405 /* CategoryCollectionViewCell.xib in Resources */ = {isa = PBXBuildFile; fileRef = 6C28ABCC29CD148200DF3405 /* CategoryCollectionViewCell.xib */; };
		6C28ABD629CD2A8B00DF3405 /* RecipeCategory.swift in Sources */ = {isa = PBXBuildFile; fileRef = 6C28ABD529CD2A8B00DF3405 /* RecipeCategory.swift */; };
		6C28ABD929CD372D00DF3405 /* CategoryTableViewCell.swift in Sources */ = {isa = PBXBuildFile; fileRef = 6C28ABD729CD372D00DF3405 /* CategoryTableViewCell.swift */; };
		6C28ABDA29CD372D00DF3405 /* CategoryTableViewCell.xib in Resources */ = {isa = PBXBuildFile; fileRef = 6C28ABD829CD372D00DF3405 /* CategoryTableViewCell.xib */; };
		6C4BE1D629D01EA600231A6C /* RecipeCD+CoreDataClass.swift in Sources */ = {isa = PBXBuildFile; fileRef = 6C4BE1D429D01EA600231A6C /* RecipeCD+CoreDataClass.swift */; };
		6C4BE1D729D01EA600231A6C /* RecipeCD+CoreDataProperties.swift in Sources */ = {isa = PBXBuildFile; fileRef = 6C4BE1D529D01EA600231A6C /* RecipeCD+CoreDataProperties.swift */; };
		6C4BE1DA29D01FBA00231A6C /* RecipeDataManager.swift in Sources */ = {isa = PBXBuildFile; fileRef = 6C4BE1D929D01FBA00231A6C /* RecipeDataManager.swift */; };
		6C4BE1DC29D0200C00231A6C /* RecipeInfo.swift in Sources */ = {isa = PBXBuildFile; fileRef = 6C4BE1DB29D0200C00231A6C /* RecipeInfo.swift */; };
		6CDADB7229CE15D900B7F796 /* UIImageExtension.swift in Sources */ = {isa = PBXBuildFile; fileRef = 6CDADB7129CE15D900B7F796 /* UIImageExtension.swift */; };
		6CDADB7529CE71CC00B7F796 /* RecipeTableViewCell.swift in Sources */ = {isa = PBXBuildFile; fileRef = 6CDADB7329CE71CC00B7F796 /* RecipeTableViewCell.swift */; };
		6CDADB7629CE71CC00B7F796 /* RecipeTableViewCell.xib in Resources */ = {isa = PBXBuildFile; fileRef = 6CDADB7429CE71CC00B7F796 /* RecipeTableViewCell.xib */; };
		6CDADB7829CE772500B7F796 /* HeartButton.swift in Sources */ = {isa = PBXBuildFile; fileRef = 6CDADB7729CE772500B7F796 /* HeartButton.swift */; };
		6CDADB7D29CE9C5E00B7F796 /* ResultsViewController.swift in Sources */ = {isa = PBXBuildFile; fileRef = 6CDADB7C29CE9C5E00B7F796 /* ResultsViewController.swift */; };
		6CDADB7F29CE9C7100B7F796 /* FavoritesViewController.swift in Sources */ = {isa = PBXBuildFile; fileRef = 6CDADB7E29CE9C7100B7F796 /* FavoritesViewController.swift */; };
		6CDADB8129CE9C9400B7F796 /* RecipeDetailViewController.swift in Sources */ = {isa = PBXBuildFile; fileRef = 6CDADB8029CE9C9400B7F796 /* RecipeDetailViewController.swift */; };
		6CDADB8329CEE8B700B7F796 /* StringExtensions.swift in Sources */ = {isa = PBXBuildFile; fileRef = 6CDADB8229CEE8B700B7F796 /* StringExtensions.swift */; };
		6CF5D68F29CA63160099E7CF /* AppDelegate.swift in Sources */ = {isa = PBXBuildFile; fileRef = 6CF5D68E29CA63160099E7CF /* AppDelegate.swift */; };
		6CF5D69129CA63160099E7CF /* SceneDelegate.swift in Sources */ = {isa = PBXBuildFile; fileRef = 6CF5D69029CA63160099E7CF /* SceneDelegate.swift */; };
		6CF5D69329CA63160099E7CF /* ViewController.swift in Sources */ = {isa = PBXBuildFile; fileRef = 6CF5D69229CA63160099E7CF /* ViewController.swift */; };
		6CF5D69629CA63160099E7CF /* Main.storyboard in Resources */ = {isa = PBXBuildFile; fileRef = 6CF5D69429CA63160099E7CF /* Main.storyboard */; };
		6CF5D69929CA63160099E7CF /* RecetApp.xcdatamodeld in Sources */ = {isa = PBXBuildFile; fileRef = 6CF5D69729CA63160099E7CF /* RecetApp.xcdatamodeld */; };
		6CF5D69B29CA63170099E7CF /* Assets.xcassets in Resources */ = {isa = PBXBuildFile; fileRef = 6CF5D69A29CA63170099E7CF /* Assets.xcassets */; };
		6CF5D69E29CA63170099E7CF /* LaunchScreen.storyboard in Resources */ = {isa = PBXBuildFile; fileRef = 6CF5D69C29CA63170099E7CF /* LaunchScreen.storyboard */; };
/* End PBXBuildFile section */

/* Begin PBXFileReference section */
		44584DCE29CF9F9300E7D5FD /* InstructionTableViewCell.swift */ = {isa = PBXFileReference; lastKnownFileType = sourcecode.swift; path = InstructionTableViewCell.swift; sourceTree = "<group>"; };
		44584DCF29CF9F9300E7D5FD /* InstructionTableViewCell.xib */ = {isa = PBXFileReference; lastKnownFileType = file.xib; path = InstructionTableViewCell.xib; sourceTree = "<group>"; };
		44584DD229CFA5E900E7D5FD /* StepDetailTableViewCell.swift */ = {isa = PBXFileReference; lastKnownFileType = sourcecode.swift; path = StepDetailTableViewCell.swift; sourceTree = "<group>"; };
		44584DD329CFA5E900E7D5FD /* StepDetailTableViewCell.xib */ = {isa = PBXFileReference; lastKnownFileType = file.xib; path = StepDetailTableViewCell.xib; sourceTree = "<group>"; };
		6C1B3C5329CB7C7C0032B6F5 /* cuisines.json */ = {isa = PBXFileReference; fileEncoding = 4; lastKnownFileType = text.json; path = cuisines.json; sourceTree = "<group>"; };
		6C1B3C5529CB7D880032B6F5 /* diets.json */ = {isa = PBXFileReference; fileEncoding = 4; lastKnownFileType = text.json; path = diets.json; sourceTree = "<group>"; };
		6C1B3C5929CB7E400032B6F5 /* meal_types.json */ = {isa = PBXFileReference; fileEncoding = 4; lastKnownFileType = text.json; path = meal_types.json; sourceTree = "<group>"; };
		6C1B3C5B29CB7F550032B6F5 /* error_map.json */ = {isa = PBXFileReference; fileEncoding = 4; lastKnownFileType = text.json; path = error_map.json; sourceTree = "<group>"; };
		6C1B3C5C29CB7F550032B6F5 /* loading.json */ = {isa = PBXFileReference; fileEncoding = 4; lastKnownFileType = text.json; path = loading.json; sourceTree = "<group>"; };
		6C1B3C5F29CB7F910032B6F5 /* lost_connection.json */ = {isa = PBXFileReference; fileEncoding = 4; lastKnownFileType = text.json; path = lost_connection.json; sourceTree = "<group>"; };
		6C1B3C6729CBCF050032B6F5 /* Recipe.swift */ = {isa = PBXFileReference; lastKnownFileType = sourcecode.swift; path = Recipe.swift; sourceTree = "<group>"; };
		6C1B3C6929CBD6700032B6F5 /* RecipeByIngredients.swift */ = {isa = PBXFileReference; lastKnownFileType = sourcecode.swift; path = RecipeByIngredients.swift; sourceTree = "<group>"; };
		6C1B3C6B29CBDBF90032B6F5 /* RandomRecipeResponse.swift */ = {isa = PBXFileReference; lastKnownFileType = sourcecode.swift; path = RandomRecipeResponse.swift; sourceTree = "<group>"; };
		6C1B3C6D29CBDCBF0032B6F5 /* ComplexSearchResponse.swift */ = {isa = PBXFileReference; lastKnownFileType = sourcecode.swift; path = ComplexSearchResponse.swift; sourceTree = "<group>"; };
		6C1B3C6F29CBE2670032B6F5 /* AppConstants.swift */ = {isa = PBXFileReference; lastKnownFileType = sourcecode.swift; path = AppConstants.swift; sourceTree = "<group>"; };
		6C1CF39D29CFEC5B003FEC66 /* InternetMonitor.swift */ = {isa = PBXFileReference; lastKnownFileType = sourcecode.swift; path = InternetMonitor.swift; sourceTree = "<group>"; };
		6C1CF3A029CFFBD2003FEC66 /* FaveButton.xcframework */ = {isa = PBXFileReference; lastKnownFileType = wrapper.xcframework; name = FaveButton.xcframework; path = Carthage/Build/FaveButton.xcframework; sourceTree = "<group>"; };
		6C28ABCB29CD148200DF3405 /* CategoryCollectionViewCell.swift */ = {isa = PBXFileReference; lastKnownFileType = sourcecode.swift; path = CategoryCollectionViewCell.swift; sourceTree = "<group>"; };
		6C28ABCC29CD148200DF3405 /* CategoryCollectionViewCell.xib */ = {isa = PBXFileReference; lastKnownFileType = file.xib; path = CategoryCollectionViewCell.xib; sourceTree = "<group>"; };
		6C28ABD529CD2A8B00DF3405 /* RecipeCategory.swift */ = {isa = PBXFileReference; lastKnownFileType = sourcecode.swift; path = RecipeCategory.swift; sourceTree = "<group>"; };
		6C28ABD729CD372D00DF3405 /* CategoryTableViewCell.swift */ = {isa = PBXFileReference; lastKnownFileType = sourcecode.swift; path = CategoryTableViewCell.swift; sourceTree = "<group>"; };
		6C28ABD829CD372D00DF3405 /* CategoryTableViewCell.xib */ = {isa = PBXFileReference; lastKnownFileType = file.xib; path = CategoryTableViewCell.xib; sourceTree = "<group>"; };
		6C4BE1D429D01EA600231A6C /* RecipeCD+CoreDataClass.swift */ = {isa = PBXFileReference; lastKnownFileType = sourcecode.swift; path = "RecipeCD+CoreDataClass.swift"; sourceTree = "<group>"; };
		6C4BE1D529D01EA600231A6C /* RecipeCD+CoreDataProperties.swift */ = {isa = PBXFileReference; lastKnownFileType = sourcecode.swift; path = "RecipeCD+CoreDataProperties.swift"; sourceTree = "<group>"; };
		6C4BE1D929D01FBA00231A6C /* RecipeDataManager.swift */ = {isa = PBXFileReference; lastKnownFileType = sourcecode.swift; path = RecipeDataManager.swift; sourceTree = "<group>"; };
		6C4BE1DB29D0200C00231A6C /* RecipeInfo.swift */ = {isa = PBXFileReference; lastKnownFileType = sourcecode.swift; path = RecipeInfo.swift; sourceTree = "<group>"; };
		6CDADB7129CE15D900B7F796 /* UIImageExtension.swift */ = {isa = PBXFileReference; lastKnownFileType = sourcecode.swift; path = UIImageExtension.swift; sourceTree = "<group>"; };
		6CDADB7329CE71CC00B7F796 /* RecipeTableViewCell.swift */ = {isa = PBXFileReference; lastKnownFileType = sourcecode.swift; path = RecipeTableViewCell.swift; sourceTree = "<group>"; };
		6CDADB7429CE71CC00B7F796 /* RecipeTableViewCell.xib */ = {isa = PBXFileReference; lastKnownFileType = file.xib; path = RecipeTableViewCell.xib; sourceTree = "<group>"; };
		6CDADB7729CE772500B7F796 /* HeartButton.swift */ = {isa = PBXFileReference; lastKnownFileType = sourcecode.swift; path = HeartButton.swift; sourceTree = "<group>"; };
		6CDADB7C29CE9C5E00B7F796 /* ResultsViewController.swift */ = {isa = PBXFileReference; lastKnownFileType = sourcecode.swift; path = ResultsViewController.swift; sourceTree = "<group>"; };
		6CDADB7E29CE9C7100B7F796 /* FavoritesViewController.swift */ = {isa = PBXFileReference; lastKnownFileType = sourcecode.swift; path = FavoritesViewController.swift; sourceTree = "<group>"; };
		6CDADB8029CE9C9400B7F796 /* RecipeDetailViewController.swift */ = {isa = PBXFileReference; lastKnownFileType = sourcecode.swift; path = RecipeDetailViewController.swift; sourceTree = "<group>"; };
		6CDADB8229CEE8B700B7F796 /* StringExtensions.swift */ = {isa = PBXFileReference; lastKnownFileType = sourcecode.swift; path = StringExtensions.swift; sourceTree = "<group>"; };
		6CF5D68B29CA63160099E7CF /* RecetApp.app */ = {isa = PBXFileReference; explicitFileType = wrapper.application; includeInIndex = 0; path = RecetApp.app; sourceTree = BUILT_PRODUCTS_DIR; };
		6CF5D68E29CA63160099E7CF /* AppDelegate.swift */ = {isa = PBXFileReference; lastKnownFileType = sourcecode.swift; path = AppDelegate.swift; sourceTree = "<group>"; };
		6CF5D69029CA63160099E7CF /* SceneDelegate.swift */ = {isa = PBXFileReference; lastKnownFileType = sourcecode.swift; path = SceneDelegate.swift; sourceTree = "<group>"; };
		6CF5D69229CA63160099E7CF /* ViewController.swift */ = {isa = PBXFileReference; lastKnownFileType = sourcecode.swift; path = ViewController.swift; sourceTree = "<group>"; };
		6CF5D69529CA63160099E7CF /* Base */ = {isa = PBXFileReference; lastKnownFileType = file.storyboard; name = Base; path = Base.lproj/Main.storyboard; sourceTree = "<group>"; };
		6CF5D69829CA63160099E7CF /* RecetApp.xcdatamodel */ = {isa = PBXFileReference; lastKnownFileType = wrapper.xcdatamodel; path = RecetApp.xcdatamodel; sourceTree = "<group>"; };
		6CF5D69A29CA63170099E7CF /* Assets.xcassets */ = {isa = PBXFileReference; lastKnownFileType = folder.assetcatalog; path = Assets.xcassets; sourceTree = "<group>"; };
		6CF5D69D29CA63170099E7CF /* Base */ = {isa = PBXFileReference; lastKnownFileType = file.storyboard; name = Base; path = Base.lproj/LaunchScreen.storyboard; sourceTree = "<group>"; };
		6CF5D69F29CA63170099E7CF /* Info.plist */ = {isa = PBXFileReference; lastKnownFileType = text.plist.xml; path = Info.plist; sourceTree = "<group>"; };
/* End PBXFileReference section */

/* Begin PBXFrameworksBuildPhase section */
		6CF5D68829CA63160099E7CF /* Frameworks */ = {
			isa = PBXFrameworksBuildPhase;
			buildActionMask = 2147483647;
			files = (
			);
			runOnlyForDeploymentPostprocessing = 0;
		};
/* End PBXFrameworksBuildPhase section */

/* Begin PBXGroup section */
		6C1B3C4B29CB769E0032B6F5 /* Animations */ = {
			isa = PBXGroup;
			children = (
				6C1B3C5F29CB7F910032B6F5 /* lost_connection.json */,
				6C1B3C5B29CB7F550032B6F5 /* error_map.json */,
				6C1B3C5C29CB7F550032B6F5 /* loading.json */,
			);
			path = Animations;
			sourceTree = "<group>";
		};
		6C1B3C5229CB7C590032B6F5 /* Json */ = {
			isa = PBXGroup;
			children = (
				6C1B3C5929CB7E400032B6F5 /* meal_types.json */,
				6C1B3C5529CB7D880032B6F5 /* diets.json */,
				6C1B3C5329CB7C7C0032B6F5 /* cuisines.json */,
			);
			path = Json;
			sourceTree = "<group>";
		};
		6C1B3C6129CBCC180032B6F5 /* Model */ = {
			isa = PBXGroup;
			children = (
				6C4BE1D829D01EBF00231A6C /* CoreData */,
				6C1B3C6729CBCF050032B6F5 /* Recipe.swift */,
				6C1B3C6929CBD6700032B6F5 /* RecipeByIngredients.swift */,
				6C1B3C6B29CBDBF90032B6F5 /* RandomRecipeResponse.swift */,
				6C1B3C6D29CBDCBF0032B6F5 /* ComplexSearchResponse.swift */,
				6C28ABD529CD2A8B00DF3405 /* RecipeCategory.swift */,
				6C4BE1DB29D0200C00231A6C /* RecipeInfo.swift */,
			);
			path = Model;
			sourceTree = "<group>";
		};
		6C1B3C6229CBCC360032B6F5 /* Resources */ = {
			isa = PBXGroup;
			children = (
				6C1B3C4B29CB769E0032B6F5 /* Animations */,
				6C1B3C5229CB7C590032B6F5 /* Json */,
			);
			path = Resources;
			sourceTree = "<group>";
		};
		6C1B3C6329CBCC550032B6F5 /* View */ = {
			isa = PBXGroup;
			children = (
				6CDADB7B29CE985700B7F796 /* Storyboard */,
				6C28ABDB29CD3B0500DF3405 /* Categories */,
				6CDADB7329CE71CC00B7F796 /* RecipeTableViewCell.swift */,
				6CDADB7729CE772500B7F796 /* HeartButton.swift */,
				44584DCE29CF9F9300E7D5FD /* InstructionTableViewCell.swift */,
				44584DCF29CF9F9300E7D5FD /* InstructionTableViewCell.xib */,
				44584DD229CFA5E900E7D5FD /* StepDetailTableViewCell.swift */,
				44584DD329CFA5E900E7D5FD /* StepDetailTableViewCell.xib */,
			);
			path = View;
			sourceTree = "<group>";
		};
		6C1CF39F29CFFBD2003FEC66 /* Frameworks */ = {
			isa = PBXGroup;
			children = (
				6C1CF3A029CFFBD2003FEC66 /* FaveButton.xcframework */,
			);
			name = Frameworks;
			sourceTree = "<group>";
		};
		6C28ABDB29CD3B0500DF3405 /* Categories */ = {
			isa = PBXGroup;
			children = (
				6C28ABCB29CD148200DF3405 /* CategoryCollectionViewCell.swift */,
				6C28ABD729CD372D00DF3405 /* CategoryTableViewCell.swift */,
			);
			path = Categories;
			sourceTree = "<group>";
		};
		6C4BE1D829D01EBF00231A6C /* CoreData */ = {
			isa = PBXGroup;
			children = (
				6C4BE1D429D01EA600231A6C /* RecipeCD+CoreDataClass.swift */,
				6C4BE1D529D01EA600231A6C /* RecipeCD+CoreDataProperties.swift */,
				6C4BE1D929D01FBA00231A6C /* RecipeDataManager.swift */,
			);
			path = CoreData;
			sourceTree = "<group>";
		};
		6CDADB7029CE15B400B7F796 /* Extensions */ = {
			isa = PBXGroup;
			children = (
				6CDADB7129CE15D900B7F796 /* UIImageExtension.swift */,
				6CDADB8229CEE8B700B7F796 /* StringExtensions.swift */,
			);
			path = Extensions;
			sourceTree = "<group>";
		};
		6CDADB7929CE980B00B7F796 /* Controller */ = {
			isa = PBXGroup;
			children = (
				6CF5D69229CA63160099E7CF /* ViewController.swift */,
				6CDADB7C29CE9C5E00B7F796 /* ResultsViewController.swift */,
				6CDADB7E29CE9C7100B7F796 /* FavoritesViewController.swift */,
				6CDADB8029CE9C9400B7F796 /* RecipeDetailViewController.swift */,
			);
			path = Controller;
			sourceTree = "<group>";
		};
		6CDADB7B29CE985700B7F796 /* Storyboard */ = {
			isa = PBXGroup;
			children = (
				6CF5D69C29CA63170099E7CF /* LaunchScreen.storyboard */,
				6CF5D69429CA63160099E7CF /* Main.storyboard */,
				6CDADB7429CE71CC00B7F796 /* RecipeTableViewCell.xib */,
				6C28ABCC29CD148200DF3405 /* CategoryCollectionViewCell.xib */,
				6C28ABD829CD372D00DF3405 /* CategoryTableViewCell.xib */,
			);
			path = Storyboard;
			sourceTree = "<group>";
		};
		6CF5D68229CA63160099E7CF = {
			isa = PBXGroup;
			children = (
				6CF5D68D29CA63160099E7CF /* RecetApp */,
				6CF5D68C29CA63160099E7CF /* Products */,
				6C1CF39F29CFFBD2003FEC66 /* Frameworks */,
			);
			sourceTree = "<group>";
		};
		6CF5D68C29CA63160099E7CF /* Products */ = {
			isa = PBXGroup;
			children = (
				6CF5D68B29CA63160099E7CF /* RecetApp.app */,
			);
			name = Products;
			sourceTree = "<group>";
		};
		6CF5D68D29CA63160099E7CF /* RecetApp */ = {
			isa = PBXGroup;
			children = (
				6CDADB7929CE980B00B7F796 /* Controller */,
				6CDADB7029CE15B400B7F796 /* Extensions */,
				6C1B3C6229CBCC360032B6F5 /* Resources */,
				6C1B3C6329CBCC550032B6F5 /* View */,
				6C1B3C6129CBCC180032B6F5 /* Model */,
				6CF5D68E29CA63160099E7CF /* AppDelegate.swift */,
				6CF5D69029CA63160099E7CF /* SceneDelegate.swift */,
				6CF5D69A29CA63170099E7CF /* Assets.xcassets */,
				6CF5D69F29CA63170099E7CF /* Info.plist */,
				6CF5D69729CA63160099E7CF /* RecetApp.xcdatamodeld */,
				6C1B3C6F29CBE2670032B6F5 /* AppConstants.swift */,
				6C1CF39D29CFEC5B003FEC66 /* InternetMonitor.swift */,
			);
			path = RecetApp;
			sourceTree = "<group>";
		};
/* End PBXGroup section */

/* Begin PBXNativeTarget section */
		6CF5D68A29CA63160099E7CF /* RecetApp */ = {
			isa = PBXNativeTarget;
			buildConfigurationList = 6CF5D6A229CA63170099E7CF /* Build configuration list for PBXNativeTarget "RecetApp" */;
			buildPhases = (
				6CF5D68729CA63160099E7CF /* Sources */,
				6CF5D68829CA63160099E7CF /* Frameworks */,
				6CF5D68929CA63160099E7CF /* Resources */,
			);
			buildRules = (
			);
			dependencies = (
			);
			name = RecetApp;
			productName = RecetApp;
			productReference = 6CF5D68B29CA63160099E7CF /* RecetApp.app */;
			productType = "com.apple.product-type.application";
		};
/* End PBXNativeTarget section */

/* Begin PBXProject section */
		6CF5D68329CA63160099E7CF /* Project object */ = {
			isa = PBXProject;
			attributes = {
				BuildIndependentTargetsInParallel = 1;
				LastSwiftUpdateCheck = 1420;
				LastUpgradeCheck = 1420;
				TargetAttributes = {
					6CF5D68A29CA63160099E7CF = {
						CreatedOnToolsVersion = 14.2;
					};
				};
			};
			buildConfigurationList = 6CF5D68629CA63160099E7CF /* Build configuration list for PBXProject "RecetApp" */;
			compatibilityVersion = "Xcode 14.0";
			developmentRegion = en;
			hasScannedForEncodings = 0;
			knownRegions = (
				en,
				Base,
			);
			mainGroup = 6CF5D68229CA63160099E7CF;
			productRefGroup = 6CF5D68C29CA63160099E7CF /* Products */;
			projectDirPath = "";
			projectRoot = "";
			targets = (
				6CF5D68A29CA63160099E7CF /* RecetApp */,
			);
		};
/* End PBXProject section */

/* Begin PBXResourcesBuildPhase section */
		6CF5D68929CA63160099E7CF /* Resources */ = {
			isa = PBXResourcesBuildPhase;
			buildActionMask = 2147483647;
			files = (
				6C28ABDA29CD372D00DF3405 /* CategoryTableViewCell.xib in Resources */,
				6C1B3C6029CB7F910032B6F5 /* lost_connection.json in Resources */,
				44584DD529CFA5EA00E7D5FD /* StepDetailTableViewCell.xib in Resources */,
				6C1B3C5429CB7C7C0032B6F5 /* cuisines.json in Resources */,
				6CF5D69E29CA63170099E7CF /* LaunchScreen.storyboard in Resources */,
				6C1B3C5E29CB7F550032B6F5 /* loading.json in Resources */,
				6CF5D69B29CA63170099E7CF /* Assets.xcassets in Resources */,
				6C1B3C5629CB7D880032B6F5 /* diets.json in Resources */,
				6C28ABCE29CD148200DF3405 /* CategoryCollectionViewCell.xib in Resources */,
				6C1B3C5A29CB7E400032B6F5 /* meal_types.json in Resources */,
				6CF5D69629CA63160099E7CF /* Main.storyboard in Resources */,
				44584DD129CF9F9300E7D5FD /* InstructionTableViewCell.xib in Resources */,
				6C1B3C5D29CB7F550032B6F5 /* error_map.json in Resources */,
				6CDADB7629CE71CC00B7F796 /* RecipeTableViewCell.xib in Resources */,
			);
			runOnlyForDeploymentPostprocessing = 0;
		};
/* End PBXResourcesBuildPhase section */

/* Begin PBXSourcesBuildPhase section */
		6CF5D68729CA63160099E7CF /* Sources */ = {
			isa = PBXSourcesBuildPhase;
			buildActionMask = 2147483647;
			files = (
				6CF5D69329CA63160099E7CF /* ViewController.swift in Sources */,
				6C1CF39E29CFEC5B003FEC66 /* InternetMonitor.swift in Sources */,
				6C1B3C7029CBE2670032B6F5 /* AppConstants.swift in Sources */,
				6C4BE1D729D01EA600231A6C /* RecipeCD+CoreDataProperties.swift in Sources */,
				6CDADB7229CE15D900B7F796 /* UIImageExtension.swift in Sources */,
				6CDADB7529CE71CC00B7F796 /* RecipeTableViewCell.swift in Sources */,
				6C1B3C6A29CBD6700032B6F5 /* RecipeByIngredients.swift in Sources */,
				6CDADB8129CE9C9400B7F796 /* RecipeDetailViewController.swift in Sources */,
				6CF5D69929CA63160099E7CF /* RecetApp.xcdatamodeld in Sources */,
				6C1B3C6E29CBDCBF0032B6F5 /* ComplexSearchResponse.swift in Sources */,
				6CDADB7D29CE9C5E00B7F796 /* ResultsViewController.swift in Sources */,
				6C4BE1D629D01EA600231A6C /* RecipeCD+CoreDataClass.swift in Sources */,
				6CF5D68F29CA63160099E7CF /* AppDelegate.swift in Sources */,
				6CDADB7829CE772500B7F796 /* HeartButton.swift in Sources */,
				6C4BE1DC29D0200C00231A6C /* RecipeInfo.swift in Sources */,
				6CDADB7F29CE9C7100B7F796 /* FavoritesViewController.swift in Sources */,
				6CDADB8329CEE8B700B7F796 /* StringExtensions.swift in Sources */,
				6C28ABCD29CD148200DF3405 /* CategoryCollectionViewCell.swift in Sources */,
				44584DD029CF9F9300E7D5FD /* InstructionTableViewCell.swift in Sources */,
				6C1B3C6C29CBDBF90032B6F5 /* RandomRecipeResponse.swift in Sources */,
				44584DD429CFA5E900E7D5FD /* StepDetailTableViewCell.swift in Sources */,
				6C28ABD629CD2A8B00DF3405 /* RecipeCategory.swift in Sources */,
				6CF5D69129CA63160099E7CF /* SceneDelegate.swift in Sources */,
				6C28ABD929CD372D00DF3405 /* CategoryTableViewCell.swift in Sources */,
				6C4BE1DA29D01FBA00231A6C /* RecipeDataManager.swift in Sources */,
				6C1B3C6829CBCF050032B6F5 /* Recipe.swift in Sources */,
			);
			runOnlyForDeploymentPostprocessing = 0;
		};
/* End PBXSourcesBuildPhase section */

/* Begin PBXVariantGroup section */
		6CF5D69429CA63160099E7CF /* Main.storyboard */ = {
			isa = PBXVariantGroup;
			children = (
				6CF5D69529CA63160099E7CF /* Base */,
			);
			name = Main.storyboard;
			sourceTree = "<group>";
		};
		6CF5D69C29CA63170099E7CF /* LaunchScreen.storyboard */ = {
			isa = PBXVariantGroup;
			children = (
				6CF5D69D29CA63170099E7CF /* Base */,
			);
			name = LaunchScreen.storyboard;
			sourceTree = "<group>";
		};
/* End PBXVariantGroup section */

/* Begin XCBuildConfiguration section */
		6CF5D6A029CA63170099E7CF /* Debug */ = {
			isa = XCBuildConfiguration;
			buildSettings = {
				ALWAYS_SEARCH_USER_PATHS = NO;
				CLANG_ANALYZER_NONNULL = YES;
				CLANG_ANALYZER_NUMBER_OBJECT_CONVERSION = YES_AGGRESSIVE;
				CLANG_CXX_LANGUAGE_STANDARD = "gnu++20";
				CLANG_ENABLE_MODULES = YES;
				CLANG_ENABLE_OBJC_ARC = YES;
				CLANG_ENABLE_OBJC_WEAK = YES;
				CLANG_WARN_BLOCK_CAPTURE_AUTORELEASING = YES;
				CLANG_WARN_BOOL_CONVERSION = YES;
				CLANG_WARN_COMMA = YES;
				CLANG_WARN_CONSTANT_CONVERSION = YES;
				CLANG_WARN_DEPRECATED_OBJC_IMPLEMENTATIONS = YES;
				CLANG_WARN_DIRECT_OBJC_ISA_USAGE = YES_ERROR;
				CLANG_WARN_DOCUMENTATION_COMMENTS = YES;
				CLANG_WARN_EMPTY_BODY = YES;
				CLANG_WARN_ENUM_CONVERSION = YES;
				CLANG_WARN_INFINITE_RECURSION = YES;
				CLANG_WARN_INT_CONVERSION = YES;
				CLANG_WARN_NON_LITERAL_NULL_CONVERSION = YES;
				CLANG_WARN_OBJC_IMPLICIT_RETAIN_SELF = YES;
				CLANG_WARN_OBJC_LITERAL_CONVERSION = YES;
				CLANG_WARN_OBJC_ROOT_CLASS = YES_ERROR;
				CLANG_WARN_QUOTED_INCLUDE_IN_FRAMEWORK_HEADER = YES;
				CLANG_WARN_RANGE_LOOP_ANALYSIS = YES;
				CLANG_WARN_STRICT_PROTOTYPES = YES;
				CLANG_WARN_SUSPICIOUS_MOVE = YES;
				CLANG_WARN_UNGUARDED_AVAILABILITY = YES_AGGRESSIVE;
				CLANG_WARN_UNREACHABLE_CODE = YES;
				CLANG_WARN__DUPLICATE_METHOD_MATCH = YES;
				COPY_PHASE_STRIP = NO;
				DEBUG_INFORMATION_FORMAT = dwarf;
				ENABLE_STRICT_OBJC_MSGSEND = YES;
				ENABLE_TESTABILITY = YES;
				GCC_C_LANGUAGE_STANDARD = gnu11;
				GCC_DYNAMIC_NO_PIC = NO;
				GCC_NO_COMMON_BLOCKS = YES;
				GCC_OPTIMIZATION_LEVEL = 0;
				GCC_PREPROCESSOR_DEFINITIONS = (
					"DEBUG=1",
					"$(inherited)",
				);
				GCC_WARN_64_TO_32_BIT_CONVERSION = YES;
				GCC_WARN_ABOUT_RETURN_TYPE = YES_ERROR;
				GCC_WARN_UNDECLARED_SELECTOR = YES;
				GCC_WARN_UNINITIALIZED_AUTOS = YES_AGGRESSIVE;
				GCC_WARN_UNUSED_FUNCTION = YES;
				GCC_WARN_UNUSED_VARIABLE = YES;
				IPHONEOS_DEPLOYMENT_TARGET = 12.0;
				MTL_ENABLE_DEBUG_INFO = INCLUDE_SOURCE;
				MTL_FAST_MATH = YES;
				ONLY_ACTIVE_ARCH = YES;
				SDKROOT = iphoneos;
				SWIFT_ACTIVE_COMPILATION_CONDITIONS = DEBUG;
				SWIFT_OPTIMIZATION_LEVEL = "-Onone";
			};
			name = Debug;
		};
		6CF5D6A129CA63170099E7CF /* Release */ = {
			isa = XCBuildConfiguration;
			buildSettings = {
				ALWAYS_SEARCH_USER_PATHS = NO;
				CLANG_ANALYZER_NONNULL = YES;
				CLANG_ANALYZER_NUMBER_OBJECT_CONVERSION = YES_AGGRESSIVE;
				CLANG_CXX_LANGUAGE_STANDARD = "gnu++20";
				CLANG_ENABLE_MODULES = YES;
				CLANG_ENABLE_OBJC_ARC = YES;
				CLANG_ENABLE_OBJC_WEAK = YES;
				CLANG_WARN_BLOCK_CAPTURE_AUTORELEASING = YES;
				CLANG_WARN_BOOL_CONVERSION = YES;
				CLANG_WARN_COMMA = YES;
				CLANG_WARN_CONSTANT_CONVERSION = YES;
				CLANG_WARN_DEPRECATED_OBJC_IMPLEMENTATIONS = YES;
				CLANG_WARN_DIRECT_OBJC_ISA_USAGE = YES_ERROR;
				CLANG_WARN_DOCUMENTATION_COMMENTS = YES;
				CLANG_WARN_EMPTY_BODY = YES;
				CLANG_WARN_ENUM_CONVERSION = YES;
				CLANG_WARN_INFINITE_RECURSION = YES;
				CLANG_WARN_INT_CONVERSION = YES;
				CLANG_WARN_NON_LITERAL_NULL_CONVERSION = YES;
				CLANG_WARN_OBJC_IMPLICIT_RETAIN_SELF = YES;
				CLANG_WARN_OBJC_LITERAL_CONVERSION = YES;
				CLANG_WARN_OBJC_ROOT_CLASS = YES_ERROR;
				CLANG_WARN_QUOTED_INCLUDE_IN_FRAMEWORK_HEADER = YES;
				CLANG_WARN_RANGE_LOOP_ANALYSIS = YES;
				CLANG_WARN_STRICT_PROTOTYPES = YES;
				CLANG_WARN_SUSPICIOUS_MOVE = YES;
				CLANG_WARN_UNGUARDED_AVAILABILITY = YES_AGGRESSIVE;
				CLANG_WARN_UNREACHABLE_CODE = YES;
				CLANG_WARN__DUPLICATE_METHOD_MATCH = YES;
				COPY_PHASE_STRIP = NO;
				DEBUG_INFORMATION_FORMAT = "dwarf-with-dsym";
				ENABLE_NS_ASSERTIONS = NO;
				ENABLE_STRICT_OBJC_MSGSEND = YES;
				GCC_C_LANGUAGE_STANDARD = gnu11;
				GCC_NO_COMMON_BLOCKS = YES;
				GCC_WARN_64_TO_32_BIT_CONVERSION = YES;
				GCC_WARN_ABOUT_RETURN_TYPE = YES_ERROR;
				GCC_WARN_UNDECLARED_SELECTOR = YES;
				GCC_WARN_UNINITIALIZED_AUTOS = YES_AGGRESSIVE;
				GCC_WARN_UNUSED_FUNCTION = YES;
				GCC_WARN_UNUSED_VARIABLE = YES;
				IPHONEOS_DEPLOYMENT_TARGET = 12.0;
				MTL_ENABLE_DEBUG_INFO = NO;
				MTL_FAST_MATH = YES;
				SDKROOT = iphoneos;
				SWIFT_COMPILATION_MODE = wholemodule;
				SWIFT_OPTIMIZATION_LEVEL = "-O";
				VALIDATE_PRODUCT = YES;
			};
			name = Release;
		};
		6CF5D6A329CA63170099E7CF /* Debug */ = {
			isa = XCBuildConfiguration;
			buildSettings = {
				ASSETCATALOG_COMPILER_APPICON_NAME = AppIcon;
				ASSETCATALOG_COMPILER_GLOBAL_ACCENT_COLOR_NAME = AccentColor;
				CODE_SIGN_STYLE = Automatic;
				CURRENT_PROJECT_VERSION = 1;
				DEVELOPMENT_TEAM = A9F3FXL292;
				GENERATE_INFOPLIST_FILE = YES;
				INFOPLIST_FILE = RecetApp/Info.plist;
				INFOPLIST_KEY_UIApplicationSupportsIndirectInputEvents = YES;
				INFOPLIST_KEY_UILaunchStoryboardName = LaunchScreen;
				INFOPLIST_KEY_UIMainStoryboardFile = Main;
				INFOPLIST_KEY_UISupportedInterfaceOrientations_iPad = "UIInterfaceOrientationPortrait UIInterfaceOrientationPortraitUpsideDown UIInterfaceOrientationLandscapeLeft UIInterfaceOrientationLandscapeRight";
				INFOPLIST_KEY_UISupportedInterfaceOrientations_iPhone = "UIInterfaceOrientationPortrait UIInterfaceOrientationLandscapeLeft UIInterfaceOrientationLandscapeRight";
				LD_RUNPATH_SEARCH_PATHS = (
					"$(inherited)",
					"@executable_path/Frameworks",
				);
				MARKETING_VERSION = 1.0;
				PRODUCT_BUNDLE_IDENTIFIER = andreagr.RecetApp;
				PRODUCT_NAME = "$(TARGET_NAME)";
				SWIFT_EMIT_LOC_STRINGS = YES;
				SWIFT_VERSION = 5.0;
				TARGETED_DEVICE_FAMILY = "1,2";
			};
			name = Debug;
		};
		6CF5D6A429CA63170099E7CF /* Release */ = {
			isa = XCBuildConfiguration;
			buildSettings = {
				ASSETCATALOG_COMPILER_APPICON_NAME = AppIcon;
				ASSETCATALOG_COMPILER_GLOBAL_ACCENT_COLOR_NAME = AccentColor;
				CODE_SIGN_STYLE = Automatic;
				CURRENT_PROJECT_VERSION = 1;
				DEVELOPMENT_TEAM = A9F3FXL292;
				GENERATE_INFOPLIST_FILE = YES;
				INFOPLIST_FILE = RecetApp/Info.plist;
				INFOPLIST_KEY_UIApplicationSupportsIndirectInputEvents = YES;
				INFOPLIST_KEY_UILaunchStoryboardName = LaunchScreen;
				INFOPLIST_KEY_UIMainStoryboardFile = Main;
				INFOPLIST_KEY_UISupportedInterfaceOrientations_iPad = "UIInterfaceOrientationPortrait UIInterfaceOrientationPortraitUpsideDown UIInterfaceOrientationLandscapeLeft UIInterfaceOrientationLandscapeRight";
				INFOPLIST_KEY_UISupportedInterfaceOrientations_iPhone = "UIInterfaceOrientationPortrait UIInterfaceOrientationLandscapeLeft UIInterfaceOrientationLandscapeRight";
				LD_RUNPATH_SEARCH_PATHS = (
					"$(inherited)",
					"@executable_path/Frameworks",
				);
				MARKETING_VERSION = 1.0;
				PRODUCT_BUNDLE_IDENTIFIER = andreagr.RecetApp;
				PRODUCT_NAME = "$(TARGET_NAME)";
				SWIFT_EMIT_LOC_STRINGS = YES;
				SWIFT_VERSION = 5.0;
				TARGETED_DEVICE_FAMILY = "1,2";
			};
			name = Release;
		};
/* End XCBuildConfiguration section */

/* Begin XCConfigurationList section */
		6CF5D68629CA63160099E7CF /* Build configuration list for PBXProject "RecetApp" */ = {
			isa = XCConfigurationList;
			buildConfigurations = (
				6CF5D6A029CA63170099E7CF /* Debug */,
				6CF5D6A129CA63170099E7CF /* Release */,
			);
			defaultConfigurationIsVisible = 0;
			defaultConfigurationName = Release;
		};
		6CF5D6A229CA63170099E7CF /* Build configuration list for PBXNativeTarget "RecetApp" */ = {
			isa = XCConfigurationList;
			buildConfigurations = (
				6CF5D6A329CA63170099E7CF /* Debug */,
				6CF5D6A429CA63170099E7CF /* Release */,
			);
			defaultConfigurationIsVisible = 0;
			defaultConfigurationName = Release;
		};
/* End XCConfigurationList section */

/* Begin XCVersionGroup section */
		6CF5D69729CA63160099E7CF /* RecetApp.xcdatamodeld */ = {
			isa = XCVersionGroup;
			children = (
				6CF5D69829CA63160099E7CF /* RecetApp.xcdatamodel */,
			);
			currentVersion = 6CF5D69829CA63160099E7CF /* RecetApp.xcdatamodel */;
			path = RecetApp.xcdatamodeld;
			sourceTree = "<group>";
			versionGroupType = wrapper.xcdatamodel;
		};
/* End XCVersionGroup section */
	};
	rootObject = 6CF5D68329CA63160099E7CF /* Project object */;
}
