// !$*UTF8*$!
{
	archiveVersion = 1;
	classes = {
	};
	objectVersion = 56;
	objects = {

/* Begin PBXBuildFile section */
		44487217299CC8B6006839E3 /* computer.json in Resources */ = {isa = PBXBuildFile; fileRef = 44487214299CC8B5006839E3 /* computer.json */; };
		44487218299CC8B6006839E3 /* world.json in Resources */ = {isa = PBXBuildFile; fileRef = 44487215299CC8B6006839E3 /* world.json */; };
		44487219299CC8B6006839E3 /* coffe.json in Resources */ = {isa = PBXBuildFile; fileRef = 44487216299CC8B6006839E3 /* coffe.json */; };
		44DE6A5C2999991500A34A88 /* AppDelegate.swift in Sources */ = {isa = PBXBuildFile; fileRef = 44DE6A5B2999991500A34A88 /* AppDelegate.swift */; };
		44DE6A5E2999991500A34A88 /* SceneDelegate.swift in Sources */ = {isa = PBXBuildFile; fileRef = 44DE6A5D2999991500A34A88 /* SceneDelegate.swift */; };
		44DE6A602999991500A34A88 /* ViewController.swift in Sources */ = {isa = PBXBuildFile; fileRef = 44DE6A5F2999991500A34A88 /* ViewController.swift */; };
		44DE6A632999991500A34A88 /* Main.storyboard in Resources */ = {isa = PBXBuildFile; fileRef = 44DE6A612999991500A34A88 /* Main.storyboard */; };
		44DE6A652999991600A34A88 /* Assets.xcassets in Resources */ = {isa = PBXBuildFile; fileRef = 44DE6A642999991600A34A88 /* Assets.xcassets */; };
		44DE6A682999991600A34A88 /* LaunchScreen.storyboard in Resources */ = {isa = PBXBuildFile; fileRef = 44DE6A662999991600A34A88 /* LaunchScreen.storyboard */; };
		44DE6A71299C35BB00A34A88 /* Lottie.xcframework in Frameworks */ = {isa = PBXBuildFile; fileRef = 44DE6A70299C35BB00A34A88 /* Lottie.xcframework */; };
		44DE6A72299C35BB00A34A88 /* Lottie.xcframework in Embed Frameworks */ = {isa = PBXBuildFile; fileRef = 44DE6A70299C35BB00A34A88 /* Lottie.xcframework */; settings = {ATTRIBUTES = (CodeSignOnCopy, RemoveHeadersOnCopy, ); }; };
		44DE6A75299C366F00A34A88 /* LoaderView.swift in Sources */ = {isa = PBXBuildFile; fileRef = 44DE6A74299C366F00A34A88 /* LoaderView.swift */; };
		44DE6A77299C394300A34A88 /* fish.json in Resources */ = {isa = PBXBuildFile; fileRef = 44DE6A76299C394300A34A88 /* fish.json */; };
/* End PBXBuildFile section */

/* Begin PBXCopyFilesBuildPhase section */
		44DE6A73299C35BB00A34A88 /* Embed Frameworks */ = {
			isa = PBXCopyFilesBuildPhase;
			buildActionMask = 2147483647;
			dstPath = "";
			dstSubfolderSpec = 10;
			files = (
				44DE6A72299C35BB00A34A88 /* Lottie.xcframework in Embed Frameworks */,
			);
			name = "Embed Frameworks";
			runOnlyForDeploymentPostprocessing = 0;
		};
/* End PBXCopyFilesBuildPhase section */

/* Begin PBXFileReference section */
		44487214299CC8B5006839E3 /* computer.json */ = {isa = PBXFileReference; fileEncoding = 4; lastKnownFileType = text.json; path = computer.json; sourceTree = "<group>"; };
		44487215299CC8B6006839E3 /* world.json */ = {isa = PBXFileReference; fileEncoding = 4; lastKnownFileType = text.json; path = world.json; sourceTree = "<group>"; };
		44487216299CC8B6006839E3 /* coffe.json */ = {isa = PBXFileReference; fileEncoding = 4; lastKnownFileType = text.json; path = coffe.json; sourceTree = "<group>"; };
		44DE6A582999991500A34A88 /* Animations.app */ = {isa = PBXFileReference; explicitFileType = wrapper.application; includeInIndex = 0; path = Animations.app; sourceTree = BUILT_PRODUCTS_DIR; };
		44DE6A5B2999991500A34A88 /* AppDelegate.swift */ = {isa = PBXFileReference; lastKnownFileType = sourcecode.swift; path = AppDelegate.swift; sourceTree = "<group>"; };
		44DE6A5D2999991500A34A88 /* SceneDelegate.swift */ = {isa = PBXFileReference; lastKnownFileType = sourcecode.swift; path = SceneDelegate.swift; sourceTree = "<group>"; };
		44DE6A5F2999991500A34A88 /* ViewController.swift */ = {isa = PBXFileReference; lastKnownFileType = sourcecode.swift; path = ViewController.swift; sourceTree = "<group>"; };
		44DE6A622999991500A34A88 /* Base */ = {isa = PBXFileReference; lastKnownFileType = file.storyboard; name = Base; path = Base.lproj/Main.storyboard; sourceTree = "<group>"; };
		44DE6A642999991600A34A88 /* Assets.xcassets */ = {isa = PBXFileReference; lastKnownFileType = folder.assetcatalog; path = Assets.xcassets; sourceTree = "<group>"; };
		44DE6A672999991600A34A88 /* Base */ = {isa = PBXFileReference; lastKnownFileType = file.storyboard; name = Base; path = Base.lproj/LaunchScreen.storyboard; sourceTree = "<group>"; };
		44DE6A692999991600A34A88 /* Info.plist */ = {isa = PBXFileReference; lastKnownFileType = text.plist.xml; path = Info.plist; sourceTree = "<group>"; };
		44DE6A70299C35BB00A34A88 /* Lottie.xcframework */ = {isa = PBXFileReference; lastKnownFileType = wrapper.xcframework; name = Lottie.xcframework; path = Carthage/Build/Lottie.xcframework; sourceTree = "<group>"; };
		44DE6A74299C366F00A34A88 /* LoaderView.swift */ = {isa = PBXFileReference; lastKnownFileType = sourcecode.swift; path = LoaderView.swift; sourceTree = "<group>"; };
		44DE6A76299C394300A34A88 /* fish.json */ = {isa = PBXFileReference; fileEncoding = 4; lastKnownFileType = text.json; path = fish.json; sourceTree = "<group>"; };
/* End PBXFileReference section */

/* Begin PBXFrameworksBuildPhase section */
		44DE6A552999991500A34A88 /* Frameworks */ = {
			isa = PBXFrameworksBuildPhase;
			buildActionMask = 2147483647;
			files = (
				44DE6A71299C35BB00A34A88 /* Lottie.xcframework in Frameworks */,
			);
			runOnlyForDeploymentPostprocessing = 0;
		};
/* End PBXFrameworksBuildPhase section */

/* Begin PBXGroup section */
		44DE6A4F2999991500A34A88 = {
			isa = PBXGroup;
			children = (
				44DE6A5A2999991500A34A88 /* Animations */,
				44DE6A592999991500A34A88 /* Products */,
				44DE6A6F299C35BB00A34A88 /* Frameworks */,
			);
			sourceTree = "<group>";
		};
		44DE6A592999991500A34A88 /* Products */ = {
			isa = PBXGroup;
			children = (
				44DE6A582999991500A34A88 /* Animations.app */,
			);
			name = Products;
			sourceTree = "<group>";
		};
		44DE6A5A2999991500A34A88 /* Animations */ = {
			isa = PBXGroup;
			children = (
				44487216299CC8B6006839E3 /* coffe.json */,
				44487214299CC8B5006839E3 /* computer.json */,
				44487215299CC8B6006839E3 /* world.json */,
				44DE6A76299C394300A34A88 /* fish.json */,
				44DE6A5B2999991500A34A88 /* AppDelegate.swift */,
				44DE6A5D2999991500A34A88 /* SceneDelegate.swift */,
				44DE6A5F2999991500A34A88 /* ViewController.swift */,
				44DE6A612999991500A34A88 /* Main.storyboard */,
				44DE6A642999991600A34A88 /* Assets.xcassets */,
				44DE6A662999991600A34A88 /* LaunchScreen.storyboard */,
				44DE6A692999991600A34A88 /* Info.plist */,
				44DE6A74299C366F00A34A88 /* LoaderView.swift */,
			);
			path = Animations;
			sourceTree = "<group>";
		};
		44DE6A6F299C35BB00A34A88 /* Frameworks */ = {
			isa = PBXGroup;
			children = (
				44DE6A70299C35BB00A34A88 /* Lottie.xcframework */,
			);
			name = Frameworks;
			sourceTree = "<group>";
		};
/* End PBXGroup section */

/* Begin PBXNativeTarget section */
		44DE6A572999991500A34A88 /* Animations */ = {
			isa = PBXNativeTarget;
			buildConfigurationList = 44DE6A6C2999991600A34A88 /* Build configuration list for PBXNativeTarget "Animations" */;
			buildPhases = (
				44DE6A542999991500A34A88 /* Sources */,
				44DE6A552999991500A34A88 /* Frameworks */,
				44DE6A562999991500A34A88 /* Resources */,
				44DE6A73299C35BB00A34A88 /* Embed Frameworks */,
			);
			buildRules = (
			);
			dependencies = (
			);
			name = Animations;
			productName = Animations;
			productReference = 44DE6A582999991500A34A88 /* Animations.app */;
			productType = "com.apple.product-type.application";
		};
/* End PBXNativeTarget section */

/* Begin PBXProject section */
		44DE6A502999991500A34A88 /* Project object */ = {
			isa = PBXProject;
			attributes = {
				BuildIndependentTargetsInParallel = 1;
				LastSwiftUpdateCheck = 1410;
				LastUpgradeCheck = 1410;
				TargetAttributes = {
					44DE6A572999991500A34A88 = {
						CreatedOnToolsVersion = 14.1;
					};
				};
			};
			buildConfigurationList = 44DE6A532999991500A34A88 /* Build configuration list for PBXProject "Animations" */;
			compatibilityVersion = "Xcode 14.0";
			developmentRegion = en;
			hasScannedForEncodings = 0;
			knownRegions = (
				en,
				Base,
			);
			mainGroup = 44DE6A4F2999991500A34A88;
			productRefGroup = 44DE6A592999991500A34A88 /* Products */;
			projectDirPath = "";
			projectRoot = "";
			targets = (
				44DE6A572999991500A34A88 /* Animations */,
			);
		};
/* End PBXProject section */

/* Begin PBXResourcesBuildPhase section */
		44DE6A562999991500A34A88 /* Resources */ = {
			isa = PBXResourcesBuildPhase;
			buildActionMask = 2147483647;
			files = (
				44487218299CC8B6006839E3 /* world.json in Resources */,
				44DE6A682999991600A34A88 /* LaunchScreen.storyboard in Resources */,
				44DE6A652999991600A34A88 /* Assets.xcassets in Resources */,
				44487219299CC8B6006839E3 /* coffe.json in Resources */,
				44487217299CC8B6006839E3 /* computer.json in Resources */,
				44DE6A632999991500A34A88 /* Main.storyboard in Resources */,
				44DE6A77299C394300A34A88 /* fish.json in Resources */,
			);
			runOnlyForDeploymentPostprocessing = 0;
		};
/* End PBXResourcesBuildPhase section */

/* Begin PBXSourcesBuildPhase section */
		44DE6A542999991500A34A88 /* Sources */ = {
			isa = PBXSourcesBuildPhase;
			buildActionMask = 2147483647;
			files = (
				44DE6A602999991500A34A88 /* ViewController.swift in Sources */,
				44DE6A75299C366F00A34A88 /* LoaderView.swift in Sources */,
				44DE6A5C2999991500A34A88 /* AppDelegate.swift in Sources */,
				44DE6A5E2999991500A34A88 /* SceneDelegate.swift in Sources */,
			);
			runOnlyForDeploymentPostprocessing = 0;
		};
/* End PBXSourcesBuildPhase section */

/* Begin PBXVariantGroup section */
		44DE6A612999991500A34A88 /* Main.storyboard */ = {
			isa = PBXVariantGroup;
			children = (
				44DE6A622999991500A34A88 /* Base */,
			);
			name = Main.storyboard;
			sourceTree = "<group>";
		};
		44DE6A662999991600A34A88 /* LaunchScreen.storyboard */ = {
			isa = PBXVariantGroup;
			children = (
				44DE6A672999991600A34A88 /* Base */,
			);
			name = LaunchScreen.storyboard;
			sourceTree = "<group>";
		};
/* End PBXVariantGroup section */

/* Begin XCBuildConfiguration section */
		44DE6A6A2999991600A34A88 /* Debug */ = {
			isa = XCBuildConfiguration;
			buildSettings = {
				ALWAYS_SEARCH_USER_PATHS = NO;
				CLANG_ANALYZER_NONNULL = YES;
				CLANG_ANALYZER_NUMBER_OBJECT_CONVERSION = YES_AGGRESSIVE;
				CLANG_CXX_LANGUAGE_STANDARD = "gnu++20";
				CLANG_ENABLE_MODULES = YES;
				CLANG_ENABLE_OBJC_ARC = YES;
				CLANG_ENABLE_OBJC_WEAK = YES;
				CLANG_WARN_BLOCK_CAPTURE_AUTORELEASING = YES;
				CLANG_WARN_BOOL_CONVERSION = YES;
				CLANG_WARN_COMMA = YES;
				CLANG_WARN_CONSTANT_CONVERSION = YES;
				CLANG_WARN_DEPRECATED_OBJC_IMPLEMENTATIONS = YES;
				CLANG_WARN_DIRECT_OBJC_ISA_USAGE = YES_ERROR;
				CLANG_WARN_DOCUMENTATION_COMMENTS = YES;
				CLANG_WARN_EMPTY_BODY = YES;
				CLANG_WARN_ENUM_CONVERSION = YES;
				CLANG_WARN_INFINITE_RECURSION = YES;
				CLANG_WARN_INT_CONVERSION = YES;
				CLANG_WARN_NON_LITERAL_NULL_CONVERSION = YES;
				CLANG_WARN_OBJC_IMPLICIT_RETAIN_SELF = YES;
				CLANG_WARN_OBJC_LITERAL_CONVERSION = YES;
				CLANG_WARN_OBJC_ROOT_CLASS = YES_ERROR;
				CLANG_WARN_QUOTED_INCLUDE_IN_FRAMEWORK_HEADER = YES;
				CLANG_WARN_RANGE_LOOP_ANALYSIS = YES;
				CLANG_WARN_STRICT_PROTOTYPES = YES;
				CLANG_WARN_SUSPICIOUS_MOVE = YES;
				CLANG_WARN_UNGUARDED_AVAILABILITY = YES_AGGRESSIVE;
				CLANG_WARN_UNREACHABLE_CODE = YES;
				CLANG_WARN__DUPLICATE_METHOD_MATCH = YES;
				COPY_PHASE_STRIP = NO;
				DEBUG_INFORMATION_FORMAT = dwarf;
				ENABLE_STRICT_OBJC_MSGSEND = YES;
				ENABLE_TESTABILITY = YES;
				GCC_C_LANGUAGE_STANDARD = gnu11;
				GCC_DYNAMIC_NO_PIC = NO;
				GCC_NO_COMMON_BLOCKS = YES;
				GCC_OPTIMIZATION_LEVEL = 0;
				GCC_PREPROCESSOR_DEFINITIONS = (
					"DEBUG=1",
					"$(inherited)",
				);
				GCC_WARN_64_TO_32_BIT_CONVERSION = YES;
				GCC_WARN_ABOUT_RETURN_TYPE = YES_ERROR;
				GCC_WARN_UNDECLARED_SELECTOR = YES;
				GCC_WARN_UNINITIALIZED_AUTOS = YES_AGGRESSIVE;
				GCC_WARN_UNUSED_FUNCTION = YES;
				GCC_WARN_UNUSED_VARIABLE = YES;
				IPHONEOS_DEPLOYMENT_TARGET = 16.1;
				MTL_ENABLE_DEBUG_INFO = INCLUDE_SOURCE;
				MTL_FAST_MATH = YES;
				ONLY_ACTIVE_ARCH = YES;
				SDKROOT = iphoneos;
				SWIFT_ACTIVE_COMPILATION_CONDITIONS = DEBUG;
				SWIFT_OPTIMIZATION_LEVEL = "-Onone";
			};
			name = Debug;
		};
		44DE6A6B2999991600A34A88 /* Release */ = {
			isa = XCBuildConfiguration;
			buildSettings = {
				ALWAYS_SEARCH_USER_PATHS = NO;
				CLANG_ANALYZER_NONNULL = YES;
				CLANG_ANALYZER_NUMBER_OBJECT_CONVERSION = YES_AGGRESSIVE;
				CLANG_CXX_LANGUAGE_STANDARD = "gnu++20";
				CLANG_ENABLE_MODULES = YES;
				CLANG_ENABLE_OBJC_ARC = YES;
				CLANG_ENABLE_OBJC_WEAK = YES;
				CLANG_WARN_BLOCK_CAPTURE_AUTORELEASING = YES;
				CLANG_WARN_BOOL_CONVERSION = YES;
				CLANG_WARN_COMMA = YES;
				CLANG_WARN_CONSTANT_CONVERSION = YES;
				CLANG_WARN_DEPRECATED_OBJC_IMPLEMENTATIONS = YES;
				CLANG_WARN_DIRECT_OBJC_ISA_USAGE = YES_ERROR;
				CLANG_WARN_DOCUMENTATION_COMMENTS = YES;
				CLANG_WARN_EMPTY_BODY = YES;
				CLANG_WARN_ENUM_CONVERSION = YES;
				CLANG_WARN_INFINITE_RECURSION = YES;
				CLANG_WARN_INT_CONVERSION = YES;
				CLANG_WARN_NON_LITERAL_NULL_CONVERSION = YES;
				CLANG_WARN_OBJC_IMPLICIT_RETAIN_SELF = YES;
				CLANG_WARN_OBJC_LITERAL_CONVERSION = YES;
				CLANG_WARN_OBJC_ROOT_CLASS = YES_ERROR;
				CLANG_WARN_QUOTED_INCLUDE_IN_FRAMEWORK_HEADER = YES;
				CLANG_WARN_RANGE_LOOP_ANALYSIS = YES;
				CLANG_WARN_STRICT_PROTOTYPES = YES;
				CLANG_WARN_SUSPICIOUS_MOVE = YES;
				CLANG_WARN_UNGUARDED_AVAILABILITY = YES_AGGRESSIVE;
				CLANG_WARN_UNREACHABLE_CODE = YES;
				CLANG_WARN__DUPLICATE_METHOD_MATCH = YES;
				COPY_PHASE_STRIP = NO;
				DEBUG_INFORMATION_FORMAT = "dwarf-with-dsym";
				ENABLE_NS_ASSERTIONS = NO;
				ENABLE_STRICT_OBJC_MSGSEND = YES;
				GCC_C_LANGUAGE_STANDARD = gnu11;
				GCC_NO_COMMON_BLOCKS = YES;
				GCC_WARN_64_TO_32_BIT_CONVERSION = YES;
				GCC_WARN_ABOUT_RETURN_TYPE = YES_ERROR;
				GCC_WARN_UNDECLARED_SELECTOR = YES;
				GCC_WARN_UNINITIALIZED_AUTOS = YES_AGGRESSIVE;
				GCC_WARN_UNUSED_FUNCTION = YES;
				GCC_WARN_UNUSED_VARIABLE = YES;
				IPHONEOS_DEPLOYMENT_TARGET = 16.1;
				MTL_ENABLE_DEBUG_INFO = NO;
				MTL_FAST_MATH = YES;
				SDKROOT = iphoneos;
				SWIFT_COMPILATION_MODE = wholemodule;
				SWIFT_OPTIMIZATION_LEVEL = "-O";
				VALIDATE_PRODUCT = YES;
			};
			name = Release;
		};
		44DE6A6D2999991600A34A88 /* Debug */ = {
			isa = XCBuildConfiguration;
			buildSettings = {
				ASSETCATALOG_COMPILER_APPICON_NAME = AppIcon;
				ASSETCATALOG_COMPILER_GLOBAL_ACCENT_COLOR_NAME = AccentColor;
				CODE_SIGN_STYLE = Automatic;
				CURRENT_PROJECT_VERSION = 1;
				GENERATE_INFOPLIST_FILE = YES;
				INFOPLIST_FILE = Animations/Info.plist;
				INFOPLIST_KEY_UIApplicationSupportsIndirectInputEvents = YES;
				INFOPLIST_KEY_UILaunchStoryboardName = LaunchScreen;
				INFOPLIST_KEY_UIMainStoryboardFile = Main;
				INFOPLIST_KEY_UISupportedInterfaceOrientations_iPad = "UIInterfaceOrientationPortrait UIInterfaceOrientationPortraitUpsideDown UIInterfaceOrientationLandscapeLeft UIInterfaceOrientationLandscapeRight";
				INFOPLIST_KEY_UISupportedInterfaceOrientations_iPhone = "UIInterfaceOrientationPortrait UIInterfaceOrientationLandscapeLeft UIInterfaceOrientationLandscapeRight";
				LD_RUNPATH_SEARCH_PATHS = (
					"$(inherited)",
					"@executable_path/Frameworks",
				);
				MARKETING_VERSION = 1.0;
				PRODUCT_BUNDLE_IDENTIFIER = garcia.andrea.Animations;
				PRODUCT_NAME = "$(TARGET_NAME)";
				SWIFT_EMIT_LOC_STRINGS = YES;
				SWIFT_VERSION = 5.0;
				TARGETED_DEVICE_FAMILY = "1,2";
			};
			name = Debug;
		};
		44DE6A6E2999991600A34A88 /* Release */ = {
			isa = XCBuildConfiguration;
			buildSettings = {
				ASSETCATALOG_COMPILER_APPICON_NAME = AppIcon;
				ASSETCATALOG_COMPILER_GLOBAL_ACCENT_COLOR_NAME = AccentColor;
				CODE_SIGN_STYLE = Automatic;
				CURRENT_PROJECT_VERSION = 1;
				GENERATE_INFOPLIST_FILE = YES;
				INFOPLIST_FILE = Animations/Info.plist;
				INFOPLIST_KEY_UIApplicationSupportsIndirectInputEvents = YES;
				INFOPLIST_KEY_UILaunchStoryboardName = LaunchScreen;
				INFOPLIST_KEY_UIMainStoryboardFile = Main;
				INFOPLIST_KEY_UISupportedInterfaceOrientations_iPad = "UIInterfaceOrientationPortrait UIInterfaceOrientationPortraitUpsideDown UIInterfaceOrientationLandscapeLeft UIInterfaceOrientationLandscapeRight";
				INFOPLIST_KEY_UISupportedInterfaceOrientations_iPhone = "UIInterfaceOrientationPortrait UIInterfaceOrientationLandscapeLeft UIInterfaceOrientationLandscapeRight";
				LD_RUNPATH_SEARCH_PATHS = (
					"$(inherited)",
					"@executable_path/Frameworks",
				);
				MARKETING_VERSION = 1.0;
				PRODUCT_BUNDLE_IDENTIFIER = garcia.andrea.Animations;
				PRODUCT_NAME = "$(TARGET_NAME)";
				SWIFT_EMIT_LOC_STRINGS = YES;
				SWIFT_VERSION = 5.0;
				TARGETED_DEVICE_FAMILY = "1,2";
			};
			name = Release;
		};
/* End XCBuildConfiguration section */

/* Begin XCConfigurationList section */
		44DE6A532999991500A34A88 /* Build configuration list for PBXProject "Animations" */ = {
			isa = XCConfigurationList;
			buildConfigurations = (
				44DE6A6A2999991600A34A88 /* Debug */,
				44DE6A6B2999991600A34A88 /* Release */,
			);
			defaultConfigurationIsVisible = 0;
			defaultConfigurationName = Release;
		};
		44DE6A6C2999991600A34A88 /* Build configuration list for PBXNativeTarget "Animations" */ = {
			isa = XCConfigurationList;
			buildConfigurations = (
				44DE6A6D2999991600A34A88 /* Debug */,
				44DE6A6E2999991600A34A88 /* Release */,
			);
			defaultConfigurationIsVisible = 0;
			defaultConfigurationName = Release;
		};
/* End XCConfigurationList section */
	};
	rootObject = 44DE6A502999991500A34A88 /* Project object */;
}
